
Microsoft Visual Studio Solution File, Format Version 12.00
# Visual Studio Version 16
VisualStudioVersion = 16.0.31112.23
MinimumVisualStudioVersion = 10.0.40219.1
Project("{FAE04EC0-301F-11D3-BF4B-00C04F79EFBC}") = "RazorPagesMovie", "RazorPagesMovie.csproj", "{F144A540-CBA5-407C-95F4-8AB119C8C3AF}"
EndProject
Global
	GlobalSection(SolutionConfigurationPlatforms) = preSolution
		Debug|Any CPU = Debug|Any CPU
		Release|Any CPU = Release|Any CPU
	EndGlobalSection
	GlobalSection(ProjectConfigurationPlatforms) = postSolution
		{F144A540-CBA5-407C-95F4-8AB119C8C3AF}.Debug|Any CPU.ActiveCfg = Debug|Any CPU
		{F144A540-CBA5-407C-95F4-8AB119C8C3AF}.Debug|Any CPU.Build.0 = Debug|Any CPU
		{F144A540-CBA5-407C-95F4-8AB119C8C3AF}.Release|Any CPU.ActiveCfg = Release|Any CPU
		{F144A540-CBA5-407C-95F4-8AB119C8C3AF}.Release|Any CPU.Build.0 = Release|Any CPU
	EndGlobalSection
	GlobalSection(SolutionProperties) = preSolution
		HideSolutionNode = FALSE
	EndGlobalSection
	GlobalSection(ExtensibilityGlobals) = postSolution
		SolutionGuid = {C065F053-BF13-4069-A690-58F88B5DD742}
	EndGlobalSection
EndGlobal
